// !$*UTF8*$!
{
	archiveVersion = 1;
	classes = {
	};
	objectVersion = 50;
	objects = {

/* Begin PBXBuildFile section */
		C65DC7D522B82193007A7606 /* AppDelegate.swift in Sources */ = {isa = PBXBuildFile; fileRef = C65DC7D422B82193007A7606 /* AppDelegate.swift */; };
		C65DC7D722B82193007A7606 /* ViewController.swift in Sources */ = {isa = PBXBuildFile; fileRef = C65DC7D622B82193007A7606 /* ViewController.swift */; };
		C65DC7DA22B82193007A7606 /* Main.storyboard in Resources */ = {isa = PBXBuildFile; fileRef = C65DC7D822B82193007A7606 /* Main.storyboard */; };
		C65DC7DD22B82193007A7606 /* practice_git.xcdatamodeld in Sources */ = {isa = PBXBuildFile; fileRef = C65DC7DB22B82193007A7606 /* practice_git.xcdatamodeld */; };
		C65DC7DF22B82197007A7606 /* Assets.xcassets in Resources */ = {isa = PBXBuildFile; fileRef = C65DC7DE22B82197007A7606 /* Assets.xcassets */; };
		C65DC7E222B82197007A7606 /* LaunchScreen.storyboard in Resources */ = {isa = PBXBuildFile; fileRef = C65DC7E022B82197007A7606 /* LaunchScreen.storyboard */; };
		C65DC7ED22B82197007A7606 /* practice_gitTests.swift in Sources */ = {isa = PBXBuildFile; fileRef = C65DC7EC22B82197007A7606 /* practice_gitTests.swift */; };
		C65DC7F822B82197007A7606 /* practice_gitUITests.swift in Sources */ = {isa = PBXBuildFile; fileRef = C65DC7F722B82197007A7606 /* practice_gitUITests.swift */; };
/* End PBXBuildFile section */

/* Begin PBXContainerItemProxy section */
		C65DC7E922B82197007A7606 /* PBXContainerItemProxy */ = {
			isa = PBXContainerItemProxy;
			containerPortal = C65DC7C922B82193007A7606 /* Project object */;
			proxyType = 1;
			remoteGlobalIDString = C65DC7D022B82193007A7606;
			remoteInfo = "practice-git";
		};
		C65DC7F422B82197007A7606 /* PBXContainerItemProxy */ = {
			isa = PBXContainerItemProxy;
			containerPortal = C65DC7C922B82193007A7606 /* Project object */;
			proxyType = 1;
			remoteGlobalIDString = C65DC7D022B82193007A7606;
			remoteInfo = "practice-git";
		};
/* End PBXContainerItemProxy section */

/* Begin PBXFileReference section */
		C65DC7D122B82193007A7606 /* practice-git.app */ = {isa = PBXFileReference; explicitFileType = wrapper.application; includeInIndex = 0; path = "practice-git.app"; sourceTree = BUILT_PRODUCTS_DIR; };
		C65DC7D422B82193007A7606 /* AppDelegate.swift */ = {isa = PBXFileReference; lastKnownFileType = sourcecode.swift; path = AppDelegate.swift; sourceTree = "<group>"; };
		C65DC7D622B82193007A7606 /* ViewController.swift */ = {isa = PBXFileReference; lastKnownFileType = sourcecode.swift; path = ViewController.swift; sourceTree = "<group>"; };
		C65DC7D922B82193007A7606 /* Base */ = {isa = PBXFileReference; lastKnownFileType = file.storyboard; name = Base; path = Base.lproj/Main.storyboard; sourceTree = "<group>"; };
		C65DC7DC22B82193007A7606 /* practice_git.xcdatamodel */ = {isa = PBXFileReference; lastKnownFileType = wrapper.xcdatamodel; path = practice_git.xcdatamodel; sourceTree = "<group>"; };
		C65DC7DE22B82197007A7606 /* Assets.xcassets */ = {isa = PBXFileReference; lastKnownFileType = folder.assetcatalog; path = Assets.xcassets; sourceTree = "<group>"; };
		C65DC7E122B82197007A7606 /* Base */ = {isa = PBXFileReference; lastKnownFileType = file.storyboard; name = Base; path = Base.lproj/LaunchScreen.storyboard; sourceTree = "<group>"; };
		C65DC7E322B82197007A7606 /* Info.plist */ = {isa = PBXFileReference; lastKnownFileType = text.plist.xml; path = Info.plist; sourceTree = "<group>"; };
		C65DC7E822B82197007A7606 /* practice-gitTests.xctest */ = {isa = PBXFileReference; explicitFileType = wrapper.cfbundle; includeInIndex = 0; path = "practice-gitTests.xctest"; sourceTree = BUILT_PRODUCTS_DIR; };
		C65DC7EC22B82197007A7606 /* practice_gitTests.swift */ = {isa = PBXFileReference; lastKnownFileType = sourcecode.swift; path = practice_gitTests.swift; sourceTree = "<group>"; };
		C65DC7EE22B82197007A7606 /* Info.plist */ = {isa = PBXFileReference; lastKnownFileType = text.plist.xml; path = Info.plist; sourceTree = "<group>"; };
		C65DC7F322B82197007A7606 /* practice-gitUITests.xctest */ = {isa = PBXFileReference; explicitFileType = wrapper.cfbundle; includeInIndex = 0; path = "practice-gitUITests.xctest"; sourceTree = BUILT_PRODUCTS_DIR; };
		C65DC7F722B82197007A7606 /* practice_gitUITests.swift */ = {isa = PBXFileReference; lastKnownFileType = sourcecode.swift; path = practice_gitUITests.swift; sourceTree = "<group>"; };
		C65DC7F922B82197007A7606 /* Info.plist */ = {isa = PBXFileReference; lastKnownFileType = text.plist.xml; path = Info.plist; sourceTree = "<group>"; };
/* End PBXFileReference section */

/* Begin PBXFrameworksBuildPhase section */
		C65DC7CE22B82193007A7606 /* Frameworks */ = {
			isa = PBXFrameworksBuildPhase;
			buildActionMask = 2147483647;
			files = (
			);
			runOnlyForDeploymentPostprocessing = 0;
		};
		C65DC7E522B82197007A7606 /* Frameworks */ = {
			isa = PBXFrameworksBuildPhase;
			buildActionMask = 2147483647;
			files = (
			);
			runOnlyForDeploymentPostprocessing = 0;
		};
		C65DC7F022B82197007A7606 /* Frameworks */ = {
			isa = PBXFrameworksBuildPhase;
			buildActionMask = 2147483647;
			files = (
			);
			runOnlyForDeploymentPostprocessing = 0;
		};
/* End PBXFrameworksBuildPhase section */

/* Begin PBXGroup section */
		C65DC7C822B82193007A7606 = {
			isa = PBXGroup;
			children = (
				C65DC7D322B82193007A7606 /* practice-git */,
				C65DC7EB22B82197007A7606 /* practice-gitTests */,
				C65DC7F622B82197007A7606 /* practice-gitUITests */,
				C65DC7D222B82193007A7606 /* Products */,
			);
			sourceTree = "<group>";
		};
		C65DC7D222B82193007A7606 /* Products */ = {
			isa = PBXGroup;
			children = (
				C65DC7D122B82193007A7606 /* practice-git.app */,
				C65DC7E822B82197007A7606 /* practice-gitTests.xctest */,
				C65DC7F322B82197007A7606 /* practice-gitUITests.xctest */,
			);
			name = Products;
			sourceTree = "<group>";
		};
		C65DC7D322B82193007A7606 /* practice-git */ = {
			isa = PBXGroup;
			children = (
				C65DC7D422B82193007A7606 /* AppDelegate.swift */,
				C65DC7D622B82193007A7606 /* ViewController.swift */,
				C65DC7D822B82193007A7606 /* Main.storyboard */,
				C65DC7DE22B82197007A7606 /* Assets.xcassets */,
				C65DC7E022B82197007A7606 /* LaunchScreen.storyboard */,
				C65DC7E322B82197007A7606 /* Info.plist */,
				C65DC7DB22B82193007A7606 /* practice_git.xcdatamodeld */,
			);
			path = "practice-git";
			sourceTree = "<group>";
		};
		C65DC7EB22B82197007A7606 /* practice-gitTests */ = {
			isa = PBXGroup;
			children = (
				C65DC7EC22B82197007A7606 /* practice_gitTests.swift */,
				C65DC7EE22B82197007A7606 /* Info.plist */,
			);
			path = "practice-gitTests";
			sourceTree = "<group>";
		};
		C65DC7F622B82197007A7606 /* practice-gitUITests */ = {
			isa = PBXGroup;
			children = (
				C65DC7F722B82197007A7606 /* practice_gitUITests.swift */,
				C65DC7F922B82197007A7606 /* Info.plist */,
			);
			path = "practice-gitUITests";
			sourceTree = "<group>";
		};
/* End PBXGroup section */

/* Begin PBXNativeTarget section */
		C65DC7D022B82193007A7606 /* practice-git */ = {
			isa = PBXNativeTarget;
			buildConfigurationList = C65DC7FC22B82197007A7606 /* Build configuration list for PBXNativeTarget "practice-git" */;
			buildPhases = (
				C65DC7CD22B82193007A7606 /* Sources */,
				C65DC7CE22B82193007A7606 /* Frameworks */,
				C65DC7CF22B82193007A7606 /* Resources */,
			);
			buildRules = (
			);
			dependencies = (
			);
			name = "practice-git";
			productName = "practice-git";
			productReference = C65DC7D122B82193007A7606 /* practice-git.app */;
			productType = "com.apple.product-type.application";
		};
		C65DC7E722B82197007A7606 /* practice-gitTests */ = {
			isa = PBXNativeTarget;
			buildConfigurationList = C65DC7FF22B82197007A7606 /* Build configuration list for PBXNativeTarget "practice-gitTests" */;
			buildPhases = (
				C65DC7E422B82197007A7606 /* Sources */,
				C65DC7E522B82197007A7606 /* Frameworks */,
				C65DC7E622B82197007A7606 /* Resources */,
			);
			buildRules = (
			);
			dependencies = (
				C65DC7EA22B82197007A7606 /* PBXTargetDependency */,
			);
			name = "practice-gitTests";
			productName = "practice-gitTests";
			productReference = C65DC7E822B82197007A7606 /* practice-gitTests.xctest */;
			productType = "com.apple.product-type.bundle.unit-test";
		};
		C65DC7F222B82197007A7606 /* practice-gitUITests */ = {
			isa = PBXNativeTarget;
			buildConfigurationList = C65DC80222B82197007A7606 /* Build configuration list for PBXNativeTarget "practice-gitUITests" */;
			buildPhases = (
				C65DC7EF22B82197007A7606 /* Sources */,
				C65DC7F022B82197007A7606 /* Frameworks */,
				C65DC7F122B82197007A7606 /* Resources */,
			);
			buildRules = (
			);
			dependencies = (
				C65DC7F522B82197007A7606 /* PBXTargetDependency */,
			);
			name = "practice-gitUITests";
			productName = "practice-gitUITests";
			productReference = C65DC7F322B82197007A7606 /* practice-gitUITests.xctest */;
			productType = "com.apple.product-type.bundle.ui-testing";
		};
/* End PBXNativeTarget section */

/* Begin PBXProject section */
		C65DC7C922B82193007A7606 /* Project object */ = {
			isa = PBXProject;
			attributes = {
				LastSwiftUpdateCheck = 1020;
				LastUpgradeCheck = 1020;
				ORGANIZATIONNAME = "sara shelton";
				TargetAttributes = {
					C65DC7D022B82193007A7606 = {
						CreatedOnToolsVersion = 10.2.1;
					};
					C65DC7E722B82197007A7606 = {
						CreatedOnToolsVersion = 10.2.1;
						TestTargetID = C65DC7D022B82193007A7606;
					};
					C65DC7F222B82197007A7606 = {
						CreatedOnToolsVersion = 10.2.1;
						TestTargetID = C65DC7D022B82193007A7606;
					};
				};
			};
			buildConfigurationList = C65DC7CC22B82193007A7606 /* Build configuration list for PBXProject "practice-git" */;
			compatibilityVersion = "Xcode 9.3";
			developmentRegion = en;
			hasScannedForEncodings = 0;
			knownRegions = (
				en,
				Base,
			);
			mainGroup = C65DC7C822B82193007A7606;
			productRefGroup = C65DC7D222B82193007A7606 /* Products */;
			projectDirPath = "";
			projectRoot = "";
			targets = (
				C65DC7D022B82193007A7606 /* practice-git */,
				C65DC7E722B82197007A7606 /* practice-gitTests */,
				C65DC7F222B82197007A7606 /* practice-gitUITests */,
			);
		};
/* End PBXProject section */

/* Begin PBXResourcesBuildPhase section */
		C65DC7CF22B82193007A7606 /* Resources */ = {
			isa = PBXResourcesBuildPhase;
			buildActionMask = 2147483647;
			files = (
				C65DC7E222B82197007A7606 /* LaunchScreen.storyboard in Resources */,
				C65DC7DF22B82197007A7606 /* Assets.xcassets in Resources */,
				C65DC7DA22B82193007A7606 /* Main.storyboard in Resources */,
			);
			runOnlyForDeploymentPostprocessing = 0;
		};
		C65DC7E622B82197007A7606 /* Resources */ = {
			isa = PBXResourcesBuildPhase;
			buildActionMask = 2147483647;
			files = (
			);
			runOnlyForDeploymentPostprocessing = 0;
		};
		C65DC7F122B82197007A7606 /* Resources */ = {
			isa = PBXResourcesBuildPhase;
			buildActionMask = 2147483647;
			files = (
			);
			runOnlyForDeploymentPostprocessing = 0;
		};
/* End PBXResourcesBuildPhase section */

/* Begin PBXSourcesBuildPhase section */
		C65DC7CD22B82193007A7606 /* Sources */ = {
			isa = PBXSourcesBuildPhase;
			buildActionMask = 2147483647;
			files = (
				C65DC7D722B82193007A7606 /* ViewController.swift in Sources */,
				C65DC7DD22B82193007A7606 /* practice_git.xcdatamodeld in Sources */,
				C65DC7D522B82193007A7606 /* AppDelegate.swift in Sources */,
			);
			runOnlyForDeploymentPostprocessing = 0;
		};
		C65DC7E422B82197007A7606 /* Sources */ = {
			isa = PBXSourcesBuildPhase;
			buildActionMask = 2147483647;
			files = (
				C65DC7ED22B82197007A7606 /* practice_gitTests.swift in Sources */,
			);
			runOnlyForDeploymentPostprocessing = 0;
		};
		C65DC7EF22B82197007A7606 /* Sources */ = {
			isa = PBXSourcesBuildPhase;
			buildActionMask = 2147483647;
			files = (
				C65DC7F822B82197007A7606 /* practice_gitUITests.swift in Sources */,
			);
			runOnlyForDeploymentPostprocessing = 0;
		};
/* End PBXSourcesBuildPhase section */

/* Begin PBXTargetDependency section */
		C65DC7EA22B82197007A7606 /* PBXTargetDependency */ = {
			isa = PBXTargetDependency;
			target = C65DC7D022B82193007A7606 /* practice-git */;
			targetProxy = C65DC7E922B82197007A7606 /* PBXContainerItemProxy */;
		};
		C65DC7F522B82197007A7606 /* PBXTargetDependency */ = {
			isa = PBXTargetDependency;
			target = C65DC7D022B82193007A7606 /* practice-git */;
			targetProxy = C65DC7F422B82197007A7606 /* PBXContainerItemProxy */;
		};
/* End PBXTargetDependency section */

/* Begin PBXVariantGroup section */
		C65DC7D822B82193007A7606 /* Main.storyboard */ = {
			isa = PBXVariantGroup;
			children = (
				C65DC7D922B82193007A7606 /* Base */,
			);
			name = Main.storyboard;
			sourceTree = "<group>";
		};
		C65DC7E022B82197007A7606 /* LaunchScreen.storyboard */ = {
			isa = PBXVariantGroup;
			children = (
				C65DC7E122B82197007A7606 /* Base */,
			);
			name = LaunchScreen.storyboard;
			sourceTree = "<group>";
		};
/* End PBXVariantGroup section */

/* Begin XCBuildConfiguration section */
		C65DC7FA22B82197007A7606 /* Debug */ = {
			isa = XCBuildConfiguration;
			buildSettings = {
				ALWAYS_SEARCH_USER_PATHS = NO;
				CLANG_ANALYZER_NONNULL = YES;
				CLANG_ANALYZER_NUMBER_OBJECT_CONVERSION = YES_AGGRESSIVE;
				CLANG_CXX_LANGUAGE_STANDARD = "gnu++14";
				CLANG_CXX_LIBRARY = "libc++";
				CLANG_ENABLE_MODULES = YES;
				CLANG_ENABLE_OBJC_ARC = YES;
				CLANG_ENABLE_OBJC_WEAK = YES;
				CLANG_WARN_BLOCK_CAPTURE_AUTORELEASING = YES;
				CLANG_WARN_BOOL_CONVERSION = YES;
				CLANG_WARN_COMMA = YES;
				CLANG_WARN_CONSTANT_CONVERSION = YES;
				CLANG_WARN_DEPRECATED_OBJC_IMPLEMENTATIONS = YES;
				CLANG_WARN_DIRECT_OBJC_ISA_USAGE = YES_ERROR;
				CLANG_WARN_DOCUMENTATION_COMMENTS = YES;
				CLANG_WARN_EMPTY_BODY = YES;
				CLANG_WARN_ENUM_CONVERSION = YES;
				CLANG_WARN_INFINITE_RECURSION = YES;
				CLANG_WARN_INT_CONVERSION = YES;
				CLANG_WARN_NON_LITERAL_NULL_CONVERSION = YES;
				CLANG_WARN_OBJC_IMPLICIT_RETAIN_SELF = YES;
				CLANG_WARN_OBJC_LITERAL_CONVERSION = YES;
				CLANG_WARN_OBJC_ROOT_CLASS = YES_ERROR;
				CLANG_WARN_RANGE_LOOP_ANALYSIS = YES;
				CLANG_WARN_STRICT_PROTOTYPES = YES;
				CLANG_WARN_SUSPICIOUS_MOVE = YES;
				CLANG_WARN_UNGUARDED_AVAILABILITY = YES_AGGRESSIVE;
				CLANG_WARN_UNREACHABLE_CODE = YES;
				CLANG_WARN__DUPLICATE_METHOD_MATCH = YES;
				CODE_SIGN_IDENTITY = "iPhone Developer";
				COPY_PHASE_STRIP = NO;
				DEBUG_INFORMATION_FORMAT = dwarf;
				ENABLE_STRICT_OBJC_MSGSEND = YES;
				ENABLE_TESTABILITY = YES;
				GCC_C_LANGUAGE_STANDARD = gnu11;
				GCC_DYNAMIC_NO_PIC = NO;
				GCC_NO_COMMON_BLOCKS = YES;
				GCC_OPTIMIZATION_LEVEL = 0;
				GCC_PREPROCESSOR_DEFINITIONS = (
					"DEBUG=1",
					"$(inherited)",
				);
				GCC_WARN_64_TO_32_BIT_CONVERSION = YES;
				GCC_WARN_ABOUT_RETURN_TYPE = YES_ERROR;
				GCC_WARN_UNDECLARED_SELECTOR = YES;
				GCC_WARN_UNINITIALIZED_AUTOS = YES_AGGRESSIVE;
				GCC_WARN_UNUSED_FUNCTION = YES;
				GCC_WARN_UNUSED_VARIABLE = YES;
				IPHONEOS_DEPLOYMENT_TARGET = 12.2;
				MTL_ENABLE_DEBUG_INFO = INCLUDE_SOURCE;
				MTL_FAST_MATH = YES;
				ONLY_ACTIVE_ARCH = YES;
				SDKROOT = iphoneos;
				SWIFT_ACTIVE_COMPILATION_CONDITIONS = DEBUG;
				SWIFT_OPTIMIZATION_LEVEL = "-Onone";
			};
			name = Debug;
		};
		C65DC7FB22B82197007A7606 /* Release */ = {
			isa = XCBuildConfiguration;
			buildSettings = {
				ALWAYS_SEARCH_USER_PATHS = NO;
				CLANG_ANALYZER_NONNULL = YES;
				CLANG_ANALYZER_NUMBER_OBJECT_CONVERSION = YES_AGGRESSIVE;
				CLANG_CXX_LANGUAGE_STANDARD = "gnu++14";
				CLANG_CXX_LIBRARY = "libc++";
				CLANG_ENABLE_MODULES = YES;
				CLANG_ENABLE_OBJC_ARC = YES;
				CLANG_ENABLE_OBJC_WEAK = YES;
				CLANG_WARN_BLOCK_CAPTURE_AUTORELEASING = YES;
				CLANG_WARN_BOOL_CONVERSION = YES;
				CLANG_WARN_COMMA = YES;
				CLANG_WARN_CONSTANT_CONVERSION = YES;
				CLANG_WARN_DEPRECATED_OBJC_IMPLEMENTATIONS = YES;
				CLANG_WARN_DIRECT_OBJC_ISA_USAGE = YES_ERROR;
				CLANG_WARN_DOCUMENTATION_COMMENTS = YES;
				CLANG_WARN_EMPTY_BODY = YES;
				CLANG_WARN_ENUM_CONVERSION = YES;
				CLANG_WARN_INFINITE_RECURSION = YES;
				CLANG_WARN_INT_CONVERSION = YES;
				CLANG_WARN_NON_LITERAL_NULL_CONVERSION = YES;
				CLANG_WARN_OBJC_IMPLICIT_RETAIN_SELF = YES;
				CLANG_WARN_OBJC_LITERAL_CONVERSION = YES;
				CLANG_WARN_OBJC_ROOT_CLASS = YES_ERROR;
				CLANG_WARN_RANGE_LOOP_ANALYSIS = YES;
				CLANG_WARN_STRICT_PROTOTYPES = YES;
				CLANG_WARN_SUSPICIOUS_MOVE = YES;
				CLANG_WARN_UNGUARDED_AVAILABILITY = YES_AGGRESSIVE;
				CLANG_WARN_UNREACHABLE_CODE = YES;
				CLANG_WARN__DUPLICATE_METHOD_MATCH = YES;
				CODE_SIGN_IDENTITY = "iPhone Developer";
				COPY_PHASE_STRIP = NO;
				DEBUG_INFORMATION_FORMAT = "dwarf-with-dsym";
				ENABLE_NS_ASSERTIONS = NO;
				ENABLE_STRICT_OBJC_MSGSEND = YES;
				GCC_C_LANGUAGE_STANDARD = gnu11;
				GCC_NO_COMMON_BLOCKS = YES;
				GCC_WARN_64_TO_32_BIT_CONVERSION = YES;
				GCC_WARN_ABOUT_RETURN_TYPE = YES_ERROR;
				GCC_WARN_UNDECLARED_SELECTOR = YES;
				GCC_WARN_UNINITIALIZED_AUTOS = YES_AGGRESSIVE;
				GCC_WARN_UNUSED_FUNCTION = YES;
				GCC_WARN_UNUSED_VARIABLE = YES;
				IPHONEOS_DEPLOYMENT_TARGET = 12.2;
				MTL_ENABLE_DEBUG_INFO = NO;
				MTL_FAST_MATH = YES;
				SDKROOT = iphoneos;
				SWIFT_COMPILATION_MODE = wholemodule;
				SWIFT_OPTIMIZATION_LEVEL = "-O";
				VALIDATE_PRODUCT = YES;
			};
			name = Release;
		};
		C65DC7FD22B82197007A7606 /* Debug */ = {
			isa = XCBuildConfiguration;
			buildSettings = {
				ASSETCATALOG_COMPILER_APPICON_NAME = AppIcon;
				CODE_SIGN_STYLE = Automatic;
				DEVELOPMENT_TEAM = M6597H39S3;
				INFOPLIST_FILE = "practice-git/Info.plist";
				LD_RUNPATH_SEARCH_PATHS = (
					"$(inherited)",
					"@executable_path/Frameworks",
				);
				PRODUCT_BUNDLE_IDENTIFIER = "KWK.practice-git";
				PRODUCT_NAME = "$(TARGET_NAME)";
				SWIFT_VERSION = 5.0;
				TARGETED_DEVICE_FAMILY = "1,2";
			};
			name = Debug;
		};
		C65DC7FE22B82197007A7606 /* Release */ = {
			isa = XCBuildConfiguration;
			buildSettings = {
				ASSETCATALOG_COMPILER_APPICON_NAME = AppIcon;
				CODE_SIGN_STYLE = Automatic;
				DEVELOPMENT_TEAM = M6597H39S3;
				INFOPLIST_FILE = "practice-git/Info.plist";
				LD_RUNPATH_SEARCH_PATHS = (
					"$(inherited)",
					"@executable_path/Frameworks",
				);
				PRODUCT_BUNDLE_IDENTIFIER = "KWK.practice-git";
				PRODUCT_NAME = "$(TARGET_NAME)";
				SWIFT_VERSION = 5.0;
				TARGETED_DEVICE_FAMILY = "1,2";
			};
			name = Release;
		};
		C65DC80022B82197007A7606 /* Debug */ = {
			isa = XCBuildConfiguration;
			buildSettings = {
				ALWAYS_EMBED_SWIFT_STANDARD_LIBRARIES = YES;
				BUNDLE_LOADER = "$(TEST_HOST)";
				CODE_SIGN_STYLE = Automatic;
				INFOPLIST_FILE = "practice-gitTests/Info.plist";
				LD_RUNPATH_SEARCH_PATHS = (
					"$(inherited)",
					"@executable_path/Frameworks",
					"@loader_path/Frameworks",
				);
				PRODUCT_BUNDLE_IDENTIFIER = "KWK.practice-gitTests";
				PRODUCT_NAME = "$(TARGET_NAME)";
				SWIFT_VERSION = 5.0;
				TARGETED_DEVICE_FAMILY = "1,2";
				TEST_HOST = "$(BUILT_PRODUCTS_DIR)/practice-git.app/practice-git";
			};
			name = Debug;
		};
		C65DC80122B82197007A7606 /* Release */ = {
			isa = XCBuildConfiguration;
			buildSettings = {
				ALWAYS_EMBED_SWIFT_STANDARD_LIBRARIES = YES;
				BUNDLE_LOADER = "$(TEST_HOST)";
				CODE_SIGN_STYLE = Automatic;
				INFOPLIST_FILE = "practice-gitTests/Info.plist";
				LD_RUNPATH_SEARCH_PATHS = (
					"$(inherited)",
					"@executable_path/Frameworks",
					"@loader_path/Frameworks",
				);
				PRODUCT_BUNDLE_IDENTIFIER = "KWK.practice-gitTests";
				PRODUCT_NAME = "$(TARGET_NAME)";
				SWIFT_VERSION = 5.0;
				TARGETED_DEVICE_FAMILY = "1,2";
				TEST_HOST = "$(BUILT_PRODUCTS_DIR)/practice-git.app/practice-git";
			};
			name = Release;
		};
		C65DC80322B82197007A7606 /* Debug */ = {
			isa = XCBuildConfiguration;
			buildSettings = {
				ALWAYS_EMBED_SWIFT_STANDARD_LIBRARIES = YES;
				CODE_SIGN_STYLE = Automatic;
				INFOPLIST_FILE = "practice-gitUITests/Info.plist";
				LD_RUNPATH_SEARCH_PATHS = (
					"$(inherited)",
					"@executable_path/Frameworks",
					"@loader_path/Frameworks",
				);
				PRODUCT_BUNDLE_IDENTIFIER = "KWK.practice-gitUITests";
				PRODUCT_NAME = "$(TARGET_NAME)";
				SWIFT_VERSION = 5.0;
				TARGETED_DEVICE_FAMILY = "1,2";
				TEST_TARGET_NAME = "practice-git";
			};
			name = Debug;
		};
		C65DC80422B82197007A7606 /* Release */ = {
			isa = XCBuildConfiguration;
			buildSettings = {
				ALWAYS_EMBED_SWIFT_STANDARD_LIBRARIES = YES;
				CODE_SIGN_STYLE = Automatic;
				INFOPLIST_FILE = "practice-gitUITests/Info.plist";
				LD_RUNPATH_SEARCH_PATHS = (
					"$(inherited)",
					"@executable_path/Frameworks",
					"@loader_path/Frameworks",
				);
				PRODUCT_BUNDLE_IDENTIFIER = "KWK.practice-gitUITests";
				PRODUCT_NAME = "$(TARGET_NAME)";
				SWIFT_VERSION = 5.0;
				TARGETED_DEVICE_FAMILY = "1,2";
				TEST_TARGET_NAME = "practice-git";
			};
			name = Release;
		};
/* End XCBuildConfiguration section */

/* Begin XCConfigurationList section */
		C65DC7CC22B82193007A7606 /* Build configuration list for PBXProject "practice-git" */ = {
			isa = XCConfigurationList;
			buildConfigurations = (
				C65DC7FA22B82197007A7606 /* Debug */,
				C65DC7FB22B82197007A7606 /* Release */,
			);
			defaultConfigurationIsVisible = 0;
			defaultConfigurationName = Release;
		};
		C65DC7FC22B82197007A7606 /* Build configuration list for PBXNativeTarget "practice-git" */ = {
			isa = XCConfigurationList;
			buildConfigurations = (
				C65DC7FD22B82197007A7606 /* Debug */,
				C65DC7FE22B82197007A7606 /* Release */,
			);
			defaultConfigurationIsVisible = 0;
			defaultConfigurationName = Release;
		};
		C65DC7FF22B82197007A7606 /* Build configuration list for PBXNativeTarget "practice-gitTests" */ = {
			isa = XCConfigurationList;
			buildConfigurations = (
				C65DC80022B82197007A7606 /* Debug */,
				C65DC80122B82197007A7606 /* Release */,
			);
			defaultConfigurationIsVisible = 0;
			defaultConfigurationName = Release;
		};
		C65DC80222B82197007A7606 /* Build configuration list for PBXNativeTarget "practice-gitUITests" */ = {
			isa = XCConfigurationList;
			buildConfigurations = (
				C65DC80322B82197007A7606 /* Debug */,
				C65DC80422B82197007A7606 /* Release */,
			);
			defaultConfigurationIsVisible = 0;
			defaultConfigurationName = Release;
		};
/* End XCConfigurationList section */

/* Begin XCVersionGroup section */
		C65DC7DB22B82193007A7606 /* practice_git.xcdatamodeld */ = {
			isa = XCVersionGroup;
			children = (
				C65DC7DC22B82193007A7606 /* practice_git.xcdatamodel */,
			);
			currentVersion = C65DC7DC22B82193007A7606 /* practice_git.xcdatamodel */;
			path = practice_git.xcdatamodeld;
			sourceTree = "<group>";
			versionGroupType = wrapper.xcdatamodel;
		};
/* End XCVersionGroup section */
	};
	rootObject = C65DC7C922B82193007A7606 /* Project object */;
}
